
Microsoft Visual Studio Solution File, Format Version 10.00
# Visual C++ Express 2008
Project("{8BC9CEB8-8B4A-11D0-8D11-00A0C91BC942}") = "contiki.exe", "vcproj\contiki.exe.vcproj", "{DD219C2D-D3F8-4C76-B2AA-376978722232}"
EndProject
Project("{8BC9CEB8-8B4A-11D0-8D11-00A0C91BC942}") = "about.dsc", "vcproj\about.dsc.vcproj", "{D94905DB-27DB-4053-9760-9ADBC64F656A}"
EndProject
Project("{8BC9CEB8-8B4A-11D0-8D11-00A0C91BC942}") = "about.prg", "vcproj\about.prg.vcproj", "{39E33545-D63F-4FBE-A7A1-5077AC704EB1}"
	ProjectSection(ProjectDependencies) = postProject
		{DD219C2D-D3F8-4C76-B2AA-376978722232} = {DD219C2D-D3F8-4C76-B2AA-376978722232}
	EndProjectSection
EndProject
Project("{8BC9CEB8-8B4A-11D0-8D11-00A0C91BC942}") = "calc.dsc", "vcproj\calc.dsc.vcproj", "{3F1FB015-FE4C-45DC-93B2-6CB03AA672F7}"
EndProject
Project("{8BC9CEB8-8B4A-11D0-8D11-00A0C91BC942}") = "calc.prg", "vcproj\calc.prg.vcproj", "{5A82FB85-CA5E-4ABE-95DD-6966E120E05E}"
	ProjectSection(ProjectDependencies) = postProject
		{DD219C2D-D3F8-4C76-B2AA-376978722232} = {DD219C2D-D3F8-4C76-B2AA-376978722232}
	EndProjectSection
EndProject
Project("{8BC9CEB8-8B4A-11D0-8D11-00A0C91BC942}") = "dhcp.dsc", "vcproj\dhcp.dsc.vcproj", "{881CD2B8-5729-4F3A-A65B-BD5995329CA0}"
EndProject
Project("{8BC9CEB8-8B4A-11D0-8D11-00A0C91BC942}") = "dhcp.prg", "vcproj\dhcp.prg.vcproj", "{DAD91041-E4DE-42FE-9360-2237F03AB05C}"
	ProjectSection(ProjectDependencies) = postProject
		{DD219C2D-D3F8-4C76-B2AA-376978722232} = {DD219C2D-D3F8-4C76-B2AA-376978722232}
	EndProjectSection
EndProject
Project("{8BC9CEB8-8B4A-11D0-8D11-00A0C91BC942}") = "directory.prg", "vcproj\directory.prg.vcproj", "{1EAF4006-F7AF-46E9-9390-43E0626CB4E5}"
	ProjectSection(ProjectDependencies) = postProject
		{DD219C2D-D3F8-4C76-B2AA-376978722232} = {DD219C2D-D3F8-4C76-B2AA-376978722232}
	EndProjectSection
EndProject
Project("{8BC9CEB8-8B4A-11D0-8D11-00A0C91BC942}") = "email.dsc", "vcproj\email.dsc.vcproj", "{9929C46F-F0B8-408C-8455-3ED425EE3F23}"
EndProject
Project("{8BC9CEB8-8B4A-11D0-8D11-00A0C91BC942}") = "email.prg", "vcproj\email.prg.vcproj", "{04A1BFE8-B685-4D22-8AFB-BB47D80E6BDD}"
	ProjectSection(ProjectDependencies) = postProject
		{DD219C2D-D3F8-4C76-B2AA-376978722232} = {DD219C2D-D3F8-4C76-B2AA-376978722232}
	EndProjectSection
EndProject
Project("{8BC9CEB8-8B4A-11D0-8D11-00A0C91BC942}") = "ftp.dsc", "vcproj\ftp.dsc.vcproj", "{1D1C715A-6C61-42BA-B972-0F7DA80CCD6F}"
EndProject
Project("{8BC9CEB8-8B4A-11D0-8D11-00A0C91BC942}") = "ftp.prg", "vcproj\ftp.prg.vcproj", "{4D40467F-D97B-4CB8-B340-928A85FC2721}"
	ProjectSection(ProjectDependencies) = postProject
		{DD219C2D-D3F8-4C76-B2AA-376978722232} = {DD219C2D-D3F8-4C76-B2AA-376978722232}
	EndProjectSection
EndProject
Project("{8BC9CEB8-8B4A-11D0-8D11-00A0C91BC942}") = "irc.dsc", "vcproj\irc.dsc.vcproj", "{54D09D67-89E9-417C-9C52-685C18A9F399}"
EndProject
Project("{8BC9CEB8-8B4A-11D0-8D11-00A0C91BC942}") = "irc.prg", "vcproj\irc.prg.vcproj", "{2F1E7C4F-3FDA-437F-82D4-F3BC9D145DAE}"
	ProjectSection(ProjectDependencies) = postProject
		{DD219C2D-D3F8-4C76-B2AA-376978722232} = {DD219C2D-D3F8-4C76-B2AA-376978722232}
	EndProjectSection
EndProject
Project("{8BC9CEB8-8B4A-11D0-8D11-00A0C91BC942}") = "netconf.dsc", "vcproj\netconf.dsc.vcproj", "{202EFB35-1D34-4CCB-8DD9-9BE1D5D31D0D}"
EndProject
Project("{8BC9CEB8-8B4A-11D0-8D11-00A0C91BC942}") = "netconf.prg", "vcproj\netconf.prg.vcproj", "{EAF263A5-CD3F-454D-984C-C85AD604F1EF}"
	ProjectSection(ProjectDependencies) = postProject
		{DD219C2D-D3F8-4C76-B2AA-376978722232} = {DD219C2D-D3F8-4C76-B2AA-376978722232}
	EndProjectSection
EndProject
Project("{8BC9CEB8-8B4A-11D0-8D11-00A0C91BC942}") = "processes.dsc", "vcproj\processes.dsc.vcproj", "{E5D69749-8BA3-45C0-85D6-277C8ED1736B}"
EndProject
Project("{8BC9CEB8-8B4A-11D0-8D11-00A0C91BC942}") = "processes.prg", "vcproj\processes.prg.vcproj", "{F6F06B52-2D04-4486-88AF-F3698AC85F6E}"
	ProjectSection(ProjectDependencies) = postProject
		{DD219C2D-D3F8-4C76-B2AA-376978722232} = {DD219C2D-D3F8-4C76-B2AA-376978722232}
	EndProjectSection
EndProject
Project("{8BC9CEB8-8B4A-11D0-8D11-00A0C91BC942}") = "shell.dsc", "vcproj\shell.dsc.vcproj", "{6F41B3DA-96D9-4431-B53B-2F91893E7B69}"
EndProject
Project("{8BC9CEB8-8B4A-11D0-8D11-00A0C91BC942}") = "shell.prg", "vcproj\shell.prg.vcproj", "{54FB8E12-5558-460C-BC6E-9D67D8A564E8}"
	ProjectSection(ProjectDependencies) = postProject
		{DD219C2D-D3F8-4C76-B2AA-376978722232} = {DD219C2D-D3F8-4C76-B2AA-376978722232}
	EndProjectSection
EndProject
Project("{8BC9CEB8-8B4A-11D0-8D11-00A0C91BC942}") = "telnet.dsc", "vcproj\telnet.dsc.vcproj", "{79094763-B380-4072-B475-2A5019474C2B}"
EndProject
Project("{8BC9CEB8-8B4A-11D0-8D11-00A0C91BC942}") = "telnet.prg", "vcproj\telnet.prg.vcproj", "{C511175A-BD2B-4ED9-87A6-05040E4DD823}"
	ProjectSection(ProjectDependencies) = postProject
		{DD219C2D-D3F8-4C76-B2AA-376978722232} = {DD219C2D-D3F8-4C76-B2AA-376978722232}
	EndProjectSection
EndProject
Project("{8BC9CEB8-8B4A-11D0-8D11-00A0C91BC942}") = "telnetd.prg", "vcproj\telnetd.prg.vcproj", "{ED41B93E-1FEF-477A-AFCC-7CAC0A324E24}"
	ProjectSection(ProjectDependencies) = postProject
		{DD219C2D-D3F8-4C76-B2AA-376978722232} = {DD219C2D-D3F8-4C76-B2AA-376978722232}
	EndProjectSection
EndProject
Project("{8BC9CEB8-8B4A-11D0-8D11-00A0C91BC942}") = "telnetd.dsc", "vcproj\telnetd.dsc.vcproj", "{3A99D8B2-44AC-4B56-A746-61A677BCAFC8}"
EndProject
Project("{8BC9CEB8-8B4A-11D0-8D11-00A0C91BC942}") = "webserver.dsc", "vcproj\webserver.dsc.vcproj", "{BE742A25-4F10-4741-B307-850C61BE0883}"
EndProject
Project("{8BC9CEB8-8B4A-11D0-8D11-00A0C91BC942}") = "webserver.prg", "vcproj\webserver.prg.vcproj", "{C741203A-ADD3-4C4A-9BF1-82978105F057}"
	ProjectSection(ProjectDependencies) = postProject
		{DD219C2D-D3F8-4C76-B2AA-376978722232} = {DD219C2D-D3F8-4C76-B2AA-376978722232}
	EndProjectSection
EndProject
Project("{8BC9CEB8-8B4A-11D0-8D11-00A0C91BC942}") = "www.prg", "vcproj\www.prg.vcproj", "{2A1D67D7-7FAE-42D3-AC99-DB68A3570735}"
	ProjectSection(ProjectDependencies) = postProject
		{DD219C2D-D3F8-4C76-B2AA-376978722232} = {DD219C2D-D3F8-4C76-B2AA-376978722232}
	EndProjectSection
EndProject
Global
	GlobalSection(SolutionConfigurationPlatforms) = preSolution
		Debug|Win32 = Debug|Win32
		Release|Win32 = Release|Win32
	EndGlobalSection
	GlobalSection(ProjectConfigurationPlatforms) = postSolution
		{DD219C2D-D3F8-4C76-B2AA-376978722232}.Debug|Win32.ActiveCfg = Debug|Win32
		{DD219C2D-D3F8-4C76-B2AA-376978722232}.Debug|Win32.Build.0 = Debug|Win32
		{DD219C2D-D3F8-4C76-B2AA-376978722232}.Release|Win32.ActiveCfg = Release|Win32
		{DD219C2D-D3F8-4C76-B2AA-376978722232}.Release|Win32.Build.0 = Release|Win32
		{D94905DB-27DB-4053-9760-9ADBC64F656A}.Debug|Win32.ActiveCfg = Debug|Win32
		{D94905DB-27DB-4053-9760-9ADBC64F656A}.Debug|Win32.Build.0 = Debug|Win32
		{D94905DB-27DB-4053-9760-9ADBC64F656A}.Release|Win32.ActiveCfg = Release|Win32
		{D94905DB-27DB-4053-9760-9ADBC64F656A}.Release|Win32.Build.0 = Release|Win32
		{39E33545-D63F-4FBE-A7A1-5077AC704EB1}.Debug|Win32.ActiveCfg = Debug|Win32
		{39E33545-D63F-4FBE-A7A1-5077AC704EB1}.Debug|Win32.Build.0 = Debug|Win32
		{39E33545-D63F-4FBE-A7A1-5077AC704EB1}.Release|Win32.ActiveCfg = Release|Win32
		{39E33545-D63F-4FBE-A7A1-5077AC704EB1}.Release|Win32.Build.0 = Release|Win32
		{3F1FB015-FE4C-45DC-93B2-6CB03AA672F7}.Debug|Win32.ActiveCfg = Debug|Win32
		{3F1FB015-FE4C-45DC-93B2-6CB03AA672F7}.Debug|Win32.Build.0 = Debug|Win32
		{3F1FB015-FE4C-45DC-93B2-6CB03AA672F7}.Release|Win32.ActiveCfg = Release|Win32
		{3F1FB015-FE4C-45DC-93B2-6CB03AA672F7}.Release|Win32.Build.0 = Release|Win32
		{5A82FB85-CA5E-4ABE-95DD-6966E120E05E}.Debug|Win32.ActiveCfg = Debug|Win32
		{5A82FB85-CA5E-4ABE-95DD-6966E120E05E}.Debug|Win32.Build.0 = Debug|Win32
		{5A82FB85-CA5E-4ABE-95DD-6966E120E05E}.Release|Win32.ActiveCfg = Release|Win32
		{5A82FB85-CA5E-4ABE-95DD-6966E120E05E}.Release|Win32.Build.0 = Release|Win32
		{881CD2B8-5729-4F3A-A65B-BD5995329CA0}.Debug|Win32.ActiveCfg = Debug|Win32
		{881CD2B8-5729-4F3A-A65B-BD5995329CA0}.Debug|Win32.Build.0 = Debug|Win32
		{881CD2B8-5729-4F3A-A65B-BD5995329CA0}.Release|Win32.ActiveCfg = Release|Win32
		{881CD2B8-5729-4F3A-A65B-BD5995329CA0}.Release|Win32.Build.0 = Release|Win32
		{DAD91041-E4DE-42FE-9360-2237F03AB05C}.Debug|Win32.ActiveCfg = Debug|Win32
		{DAD91041-E4DE-42FE-9360-2237F03AB05C}.Debug|Win32.Build.0 = Debug|Win32
		{DAD91041-E4DE-42FE-9360-2237F03AB05C}.Release|Win32.ActiveCfg = Release|Win32
		{DAD91041-E4DE-42FE-9360-2237F03AB05C}.Release|Win32.Build.0 = Release|Win32
		{1EAF4006-F7AF-46E9-9390-43E0626CB4E5}.Debug|Win32.ActiveCfg = Debug|Win32
		{1EAF4006-F7AF-46E9-9390-43E0626CB4E5}.Debug|Win32.Build.0 = Debug|Win32
		{1EAF4006-F7AF-46E9-9390-43E0626CB4E5}.Release|Win32.ActiveCfg = Release|Win32
		{1EAF4006-F7AF-46E9-9390-43E0626CB4E5}.Release|Win32.Build.0 = Release|Win32
		{9929C46F-F0B8-408C-8455-3ED425EE3F23}.Debug|Win32.ActiveCfg = Debug|Win32
		{9929C46F-F0B8-408C-8455-3ED425EE3F23}.Debug|Win32.Build.0 = Debug|Win32
		{9929C46F-F0B8-408C-8455-3ED425EE3F23}.Release|Win32.ActiveCfg = Release|Win32
		{9929C46F-F0B8-408C-8455-3ED425EE3F23}.Release|Win32.Build.0 = Release|Win32
		{04A1BFE8-B685-4D22-8AFB-BB47D80E6BDD}.Debug|Win32.ActiveCfg = Debug|Win32
		{04A1BFE8-B685-4D22-8AFB-BB47D80E6BDD}.Debug|Win32.Build.0 = Debug|Win32
		{04A1BFE8-B685-4D22-8AFB-BB47D80E6BDD}.Release|Win32.ActiveCfg = Release|Win32
		{04A1BFE8-B685-4D22-8AFB-BB47D80E6BDD}.Release|Win32.Build.0 = Release|Win32
		{1D1C715A-6C61-42BA-B972-0F7DA80CCD6F}.Debug|Win32.ActiveCfg = Debug|Win32
		{1D1C715A-6C61-42BA-B972-0F7DA80CCD6F}.Debug|Win32.Build.0 = Debug|Win32
		{1D1C715A-6C61-42BA-B972-0F7DA80CCD6F}.Release|Win32.ActiveCfg = Release|Win32
		{1D1C715A-6C61-42BA-B972-0F7DA80CCD6F}.Release|Win32.Build.0 = Release|Win32
		{4D40467F-D97B-4CB8-B340-928A85FC2721}.Debug|Win32.ActiveCfg = Debug|Win32
		{4D40467F-D97B-4CB8-B340-928A85FC2721}.Debug|Win32.Build.0 = Debug|Win32
		{4D40467F-D97B-4CB8-B340-928A85FC2721}.Release|Win32.ActiveCfg = Release|Win32
		{4D40467F-D97B-4CB8-B340-928A85FC2721}.Release|Win32.Build.0 = Release|Win32
		{54D09D67-89E9-417C-9C52-685C18A9F399}.Debug|Win32.ActiveCfg = Debug|Win32
		{54D09D67-89E9-417C-9C52-685C18A9F399}.Debug|Win32.Build.0 = Debug|Win32
		{54D09D67-89E9-417C-9C52-685C18A9F399}.Release|Win32.ActiveCfg = Release|Win32
		{54D09D67-89E9-417C-9C52-685C18A9F399}.Release|Win32.Build.0 = Release|Win32
		{2F1E7C4F-3FDA-437F-82D4-F3BC9D145DAE}.Debug|Win32.ActiveCfg = Debug|Win32
		{2F1E7C4F-3FDA-437F-82D4-F3BC9D145DAE}.Debug|Win32.Build.0 = Debug|Win32
		{2F1E7C4F-3FDA-437F-82D4-F3BC9D145DAE}.Release|Win32.ActiveCfg = Release|Win32
		{2F1E7C4F-3FDA-437F-82D4-F3BC9D145DAE}.Release|Win32.Build.0 = Release|Win32
		{202EFB35-1D34-4CCB-8DD9-9BE1D5D31D0D}.Debug|Win32.ActiveCfg = Debug|Win32
		{202EFB35-1D34-4CCB-8DD9-9BE1D5D31D0D}.Debug|Win32.Build.0 = Debug|Win32
		{202EFB35-1D34-4CCB-8DD9-9BE1D5D31D0D}.Release|Win32.ActiveCfg = Release|Win32
		{202EFB35-1D34-4CCB-8DD9-9BE1D5D31D0D}.Release|Win32.Build.0 = Release|Win32
		{EAF263A5-CD3F-454D-984C-C85AD604F1EF}.Debug|Win32.ActiveCfg = Debug|Win32
		{EAF263A5-CD3F-454D-984C-C85AD604F1EF}.Debug|Win32.Build.0 = Debug|Win32
		{EAF263A5-CD3F-454D-984C-C85AD604F1EF}.Release|Win32.ActiveCfg = Release|Win32
		{EAF263A5-CD3F-454D-984C-C85AD604F1EF}.Release|Win32.Build.0 = Release|Win32
		{E5D69749-8BA3-45C0-85D6-277C8ED1736B}.Debug|Win32.ActiveCfg = Debug|Win32
		{E5D69749-8BA3-45C0-85D6-277C8ED1736B}.Debug|Win32.Build.0 = Debug|Win32
		{E5D69749-8BA3-45C0-85D6-277C8ED1736B}.Release|Win32.ActiveCfg = Release|Win32
		{E5D69749-8BA3-45C0-85D6-277C8ED1736B}.Release|Win32.Build.0 = Release|Win32
		{F6F06B52-2D04-4486-88AF-F3698AC85F6E}.Debug|Win32.ActiveCfg = Debug|Win32
		{F6F06B52-2D04-4486-88AF-F3698AC85F6E}.Debug|Win32.Build.0 = Debug|Win32
		{F6F06B52-2D04-4486-88AF-F3698AC85F6E}.Release|Win32.ActiveCfg = Release|Win32
		{F6F06B52-2D04-4486-88AF-F3698AC85F6E}.Release|Win32.Build.0 = Release|Win32
		{6F41B3DA-96D9-4431-B53B-2F91893E7B69}.Debug|Win32.ActiveCfg = Debug|Win32
		{6F41B3DA-96D9-4431-B53B-2F91893E7B69}.Debug|Win32.Build.0 = Debug|Win32
		{6F41B3DA-96D9-4431-B53B-2F91893E7B69}.Release|Win32.ActiveCfg = Release|Win32
		{6F41B3DA-96D9-4431-B53B-2F91893E7B69}.Release|Win32.Build.0 = Release|Win32
		{54FB8E12-5558-460C-BC6E-9D67D8A564E8}.Debug|Win32.ActiveCfg = Debug|Win32
		{54FB8E12-5558-460C-BC6E-9D67D8A564E8}.Debug|Win32.Build.0 = Debug|Win32
		{54FB8E12-5558-460C-BC6E-9D67D8A564E8}.Release|Win32.ActiveCfg = Release|Win32
		{54FB8E12-5558-460C-BC6E-9D67D8A564E8}.Release|Win32.Build.0 = Release|Win32
		{79094763-B380-4072-B475-2A5019474C2B}.Debug|Win32.ActiveCfg = Debug|Win32
		{79094763-B380-4072-B475-2A5019474C2B}.Debug|Win32.Build.0 = Debug|Win32
		{79094763-B380-4072-B475-2A5019474C2B}.Release|Win32.ActiveCfg = Release|Win32
		{79094763-B380-4072-B475-2A5019474C2B}.Release|Win32.Build.0 = Release|Win32
		{C511175A-BD2B-4ED9-87A6-05040E4DD823}.Debug|Win32.ActiveCfg = Debug|Win32
		{C511175A-BD2B-4ED9-87A6-05040E4DD823}.Debug|Win32.Build.0 = Debug|Win32
		{C511175A-BD2B-4ED9-87A6-05040E4DD823}.Release|Win32.ActiveCfg = Release|Win32
		{C511175A-BD2B-4ED9-87A6-05040E4DD823}.Release|Win32.Build.0 = Release|Win32
		{ED41B93E-1FEF-477A-AFCC-7CAC0A324E24}.Debug|Win32.ActiveCfg = Debug|Win32
		{ED41B93E-1FEF-477A-AFCC-7CAC0A324E24}.Debug|Win32.Build.0 = Debug|Win32
		{ED41B93E-1FEF-477A-AFCC-7CAC0A324E24}.Release|Win32.ActiveCfg = Release|Win32
		{ED41B93E-1FEF-477A-AFCC-7CAC0A324E24}.Release|Win32.Build.0 = Release|Win32
		{3A99D8B2-44AC-4B56-A746-61A677BCAFC8}.Debug|Win32.ActiveCfg = Debug|Win32
		{3A99D8B2-44AC-4B56-A746-61A677BCAFC8}.Debug|Win32.Build.0 = Debug|Win32
		{3A99D8B2-44AC-4B56-A746-61A677BCAFC8}.Release|Win32.ActiveCfg = Release|Win32
		{3A99D8B2-44AC-4B56-A746-61A677BCAFC8}.Release|Win32.Build.0 = Release|Win32
		{BE742A25-4F10-4741-B307-850C61BE0883}.Debug|Win32.ActiveCfg = Debug|Win32
		{BE742A25-4F10-4741-B307-850C61BE0883}.Debug|Win32.Build.0 = Debug|Win32
		{BE742A25-4F10-4741-B307-850C61BE0883}.Release|Win32.ActiveCfg = Release|Win32
		{BE742A25-4F10-4741-B307-850C61BE0883}.Release|Win32.Build.0 = Release|Win32
		{C741203A-ADD3-4C4A-9BF1-82978105F057}.Debug|Win32.ActiveCfg = Debug|Win32
		{C741203A-ADD3-4C4A-9BF1-82978105F057}.Debug|Win32.Build.0 = Debug|Win32
		{C741203A-ADD3-4C4A-9BF1-82978105F057}.Release|Win32.ActiveCfg = Release|Win32
		{C741203A-ADD3-4C4A-9BF1-82978105F057}.Release|Win32.Build.0 = Release|Win32
		{2A1D67D7-7FAE-42D3-AC99-DB68A3570735}.Debug|Win32.ActiveCfg = Debug|Win32
		{2A1D67D7-7FAE-42D3-AC99-DB68A3570735}.Debug|Win32.Build.0 = Debug|Win32
		{2A1D67D7-7FAE-42D3-AC99-DB68A3570735}.Release|Win32.ActiveCfg = Release|Win32
		{2A1D67D7-7FAE-42D3-AC99-DB68A3570735}.Release|Win32.Build.0 = Release|Win32
	EndGlobalSection
	GlobalSection(SolutionProperties) = preSolution
		HideSolutionNode = FALSE
	EndGlobalSection
EndGlobal
